{
  "name": "prisma",
  "version": "1.0.0",
  "lockfileVersion": 2,
  "requires": true,
  "packages": {
    "": {
      "name": "prisma",
      "version": "1.0.0",
      "license": "ISC",
      "dependencies": {
        "@prisma/client": "^3.4.0"
      },
      "devDependencies": {
        "prisma": "^3.4.0"
      }
    },
    "node_modules/@prisma/client": {
      "version": "3.4.0",
      "resolved": "https://registry.npmjs.org/@prisma/client/-/client-3.4.0.tgz",
      "integrity": "sha512-rjnp7dPVArqT/VgeWllUN+5927u224Gud//d16omL2hyXl9BnWzmeZJQ0plTYuP5yCR/M1N4iUC8ysDPlhA08g==",
      "hasInstallScript": true,
      "dependencies": {
        "@prisma/engines-version": "3.4.0-27.1c9fdaa9e2319b814822d6dbfd0a69e1fcc13a85"
      },
      "engines": {
        "node": ">=12.6"
      },
      "peerDependencies": {
        "prisma": "*"
      },
      "peerDependenciesMeta": {
        "prisma": {
          "optional": true
        }
      }
    },
    "node_modules/@prisma/engines": {
      "version": "3.4.0-27.1c9fdaa9e2319b814822d6dbfd0a69e1fcc13a85",
      "resolved": "https://registry.npmjs.org/@prisma/engines/-/engines-3.4.0-27.1c9fdaa9e2319b814822d6dbfd0a69e1fcc13a85.tgz",
      "integrity": "sha512-jyCjXhX1ZUbzA7+6Hm0iEdeY+qFfpD/RB7iSwMrMoIhkVYvnncSdCLBgbK0yqxTJR2nglevkDY2ve3QDxFciMA==",
      "devOptional": true,
      "hasInstallScript": true
    },
    "node_modules/@prisma/engines-version": {
      "version": "3.4.0-27.1c9fdaa9e2319b814822d6dbfd0a69e1fcc13a85",
      "resolved": "https://registry.npmjs.org/@prisma/engines-version/-/engines-version-3.4.0-27.1c9fdaa9e2319b814822d6dbfd0a69e1fcc13a85.tgz",
      "integrity": "sha512-acL30wD3lj6qGAN9JIA+fhcd8j5I+Db9d1Pge2jwmK/QVbmbnH+lhTMV5pYIdgxbZWs9R+DoNnOHvUQCOW1xeQ=="
    },
    "node_modules/prisma": {
      "version": "3.4.0",
      "resolved": "https://registry.npmjs.org/prisma/-/prisma-3.4.0.tgz",
      "integrity": "sha512-W0AFjVxPOLW5SEnf0ZwbOu4k8ElX98ioFC1E8Gb9Q/nuO2brEwxFJebXglfG+N6zphGbu2bG1I3VAu7aYzR3VA==",
      "devOptional": true,
      "hasInstallScript": true,
      "dependencies": {
        "@prisma/engines": "3.4.0-27.1c9fdaa9e2319b814822d6dbfd0a69e1fcc13a85"
      },
      "bin": {
        "prisma": "build/index.js",
        "prisma2": "build/index.js"
      },
      "engines": {
        "node": ">=12.6"
      }
    }
  },
  "dependencies": {
    "@prisma/client": {
      "version": "3.4.0",
      "resolved": "https://registry.npmjs.org/@prisma/client/-/client-3.4.0.tgz",
      "integrity": "sha512-rjnp7dPVArqT/VgeWllUN+5927u224Gud//d16omL2hyXl9BnWzmeZJQ0plTYuP5yCR/M1N4iUC8ysDPlhA08g==",
      "requires": {
        "@prisma/engines-version": "3.4.0-27.1c9fdaa9e2319b814822d6dbfd0a69e1fcc13a85"
      }
    },
    "@prisma/engines": {
      "version": "3.4.0-27.1c9fdaa9e2319b814822d6dbfd0a69e1fcc13a85",
      "resolved": "https://registry.npmjs.org/@prisma/engines/-/engines-3.4.0-27.1c9fdaa9e2319b814822d6dbfd0a69e1fcc13a85.tgz",
      "integrity": "sha512-jyCjXhX1ZUbzA7+6Hm0iEdeY+qFfpD/RB7iSwMrMoIhkVYvnncSdCLBgbK0yqxTJR2nglevkDY2ve3QDxFciMA==",
      "devOptional": true
    },
    "@prisma/engines-version": {
      "version": "3.4.0-27.1c9fdaa9e2319b814822d6dbfd0a69e1fcc13a85",
      "resolved": "https://registry.npmjs.org/@prisma/engines-version/-/engines-version-3.4.0-27.1c9fdaa9e2319b814822d6dbfd0a69e1fcc13a85.tgz",
      "integrity": "sha512-acL30wD3lj6qGAN9JIA+fhcd8j5I+Db9d1Pge2jwmK/QVbmbnH+lhTMV5pYIdgxbZWs9R+DoNnOHvUQCOW1xeQ=="
    },
    "prisma": {
      "version": "3.4.0",
      "resolved": "https://registry.npmjs.org/prisma/-/prisma-3.4.0.tgz",
      "integrity": "sha512-W0AFjVxPOLW5SEnf0ZwbOu4k8ElX98ioFC1E8Gb9Q/nuO2brEwxFJebXglfG+N6zphGbu2bG1I3VAu7aYzR3VA==",
      "devOptional": true,
      "requires": {
        "@prisma/engines": "3.4.0-27.1c9fdaa9e2319b814822d6dbfd0a69e1fcc13a85"
      }
    }
  }
}
